// !$*UTF8*$!
{
	archiveVersion = 1;
	classes = {
	};
	objectVersion = 56;
	objects = {

/* Begin PBXBuildFile section */
		1019997E2B5FCED4002ECC59 /* HelperApp.swift in Sources */ = {isa = PBXBuildFile; fileRef = 1019997D2B5FCED4002ECC59 /* HelperApp.swift */; };
		101999802B5FCED4002ECC59 /* HelperTabView.swift in Sources */ = {isa = PBXBuildFile; fileRef = 1019997F2B5FCED4002ECC59 /* HelperTabView.swift */; };
		101999822B5FCED6002ECC59 /* Assets.xcassets in Resources */ = {isa = PBXBuildFile; fileRef = 101999812B5FCED6002ECC59 /* Assets.xcassets */; };
		101999852B5FCED6002ECC59 /* Preview Assets.xcassets in Resources */ = {isa = PBXBuildFile; fileRef = 101999842B5FCED6002ECC59 /* Preview Assets.xcassets */; };
		1019998C2B5FDA94002ECC59 /* HomeView.swift in Sources */ = {isa = PBXBuildFile; fileRef = 1019998B2B5FDA94002ECC59 /* HomeView.swift */; };
		1019998E2B5FDA9F002ECC59 /* SearchView.swift in Sources */ = {isa = PBXBuildFile; fileRef = 1019998D2B5FDA9F002ECC59 /* SearchView.swift */; };
		101999902B5FDAAD002ECC59 /* CreateView.swift in Sources */ = {isa = PBXBuildFile; fileRef = 1019998F2B5FDAAD002ECC59 /* CreateView.swift */; };
		101999922B5FDAC0002ECC59 /* ChatView.swift in Sources */ = {isa = PBXBuildFile; fileRef = 101999912B5FDAC0002ECC59 /* ChatView.swift */; };
		101999942B5FDAE0002ECC59 /* LibraryView.swift in Sources */ = {isa = PBXBuildFile; fileRef = 101999932B5FDAE0002ECC59 /* LibraryView.swift */; };
		101999962B5FDEEF002ECC59 /* ProfileView.swift in Sources */ = {isa = PBXBuildFile; fileRef = 101999952B5FDEEF002ECC59 /* ProfileView.swift */; };
		102BE7952B62011E00A0C98F /* CreateViewModel.swift in Sources */ = {isa = PBXBuildFile; fileRef = 102BE7942B62011E00A0C98F /* CreateViewModel.swift */; };
		10451E7B2B60D288005E91A0 /* DataModel.swift in Sources */ = {isa = PBXBuildFile; fileRef = 10451E7A2B60D288005E91A0 /* DataModel.swift */; };
		DDDD83E72B62450100C4732A /* MockData.swift in Sources */ = {isa = PBXBuildFile; fileRef = DDDD83E62B62450100C4732A /* MockData.swift */; };
		DDDD83E92B62466100C4732A /* PostsView.swift in Sources */ = {isa = PBXBuildFile; fileRef = DDDD83E82B62466100C4732A /* PostsView.swift */; };
		DDDD83EB2B62467A00C4732A /* QuickHelpsView.swift in Sources */ = {isa = PBXBuildFile; fileRef = DDDD83EA2B62467A00C4732A /* QuickHelpsView.swift */; };
		DDDD83ED2B62512500C4732A /* MessagesView.swift in Sources */ = {isa = PBXBuildFile; fileRef = DDDD83EC2B62512500C4732A /* MessagesView.swift */; };
/* End PBXBuildFile section */

/* Begin PBXFileReference section */
		1019997A2B5FCED4002ECC59 /* Helper.app */ = {isa = PBXFileReference; explicitFileType = wrapper.application; includeInIndex = 0; path = Helper.app; sourceTree = BUILT_PRODUCTS_DIR; };
		1019997D2B5FCED4002ECC59 /* HelperApp.swift */ = {isa = PBXFileReference; lastKnownFileType = sourcecode.swift; path = HelperApp.swift; sourceTree = "<group>"; };
		1019997F2B5FCED4002ECC59 /* HelperTabView.swift */ = {isa = PBXFileReference; lastKnownFileType = sourcecode.swift; path = HelperTabView.swift; sourceTree = "<group>"; };
		101999812B5FCED6002ECC59 /* Assets.xcassets */ = {isa = PBXFileReference; lastKnownFileType = folder.assetcatalog; path = Assets.xcassets; sourceTree = "<group>"; };
		101999842B5FCED6002ECC59 /* Preview Assets.xcassets */ = {isa = PBXFileReference; lastKnownFileType = folder.assetcatalog; path = "Preview Assets.xcassets"; sourceTree = "<group>"; };
		1019998B2B5FDA94002ECC59 /* HomeView.swift */ = {isa = PBXFileReference; lastKnownFileType = sourcecode.swift; path = HomeView.swift; sourceTree = "<group>"; };
		1019998D2B5FDA9F002ECC59 /* SearchView.swift */ = {isa = PBXFileReference; lastKnownFileType = sourcecode.swift; path = SearchView.swift; sourceTree = "<group>"; };
		1019998F2B5FDAAD002ECC59 /* CreateView.swift */ = {isa = PBXFileReference; lastKnownFileType = sourcecode.swift; path = CreateView.swift; sourceTree = "<group>"; };
		101999912B5FDAC0002ECC59 /* ChatView.swift */ = {isa = PBXFileReference; lastKnownFileType = sourcecode.swift; path = ChatView.swift; sourceTree = "<group>"; };
		101999932B5FDAE0002ECC59 /* LibraryView.swift */ = {isa = PBXFileReference; lastKnownFileType = sourcecode.swift; path = LibraryView.swift; sourceTree = "<group>"; };
		101999952B5FDEEF002ECC59 /* ProfileView.swift */ = {isa = PBXFileReference; lastKnownFileType = sourcecode.swift; path = ProfileView.swift; sourceTree = "<group>"; };
		102BE7942B62011E00A0C98F /* CreateViewModel.swift */ = {isa = PBXFileReference; lastKnownFileType = sourcecode.swift; path = CreateViewModel.swift; sourceTree = "<group>"; };
		10451E7A2B60D288005E91A0 /* DataModel.swift */ = {isa = PBXFileReference; lastKnownFileType = sourcecode.swift; path = DataModel.swift; sourceTree = "<group>"; };
		DDDD83E62B62450100C4732A /* MockData.swift */ = {isa = PBXFileReference; lastKnownFileType = sourcecode.swift; path = MockData.swift; sourceTree = "<group>"; };
		DDDD83E82B62466100C4732A /* PostsView.swift */ = {isa = PBXFileReference; lastKnownFileType = sourcecode.swift; path = PostsView.swift; sourceTree = "<group>"; };
		DDDD83EA2B62467A00C4732A /* QuickHelpsView.swift */ = {isa = PBXFileReference; lastKnownFileType = sourcecode.swift; path = QuickHelpsView.swift; sourceTree = "<group>"; };
		DDDD83EC2B62512500C4732A /* MessagesView.swift */ = {isa = PBXFileReference; lastKnownFileType = sourcecode.swift; path = MessagesView.swift; sourceTree = "<group>"; };
/* End PBXFileReference section */

/* Begin PBXFrameworksBuildPhase section */
		101999772B5FCED4002ECC59 /* Frameworks */ = {
			isa = PBXFrameworksBuildPhase;
			buildActionMask = 2147483647;
			files = (
			);
			runOnlyForDeploymentPostprocessing = 0;
		};
/* End PBXFrameworksBuildPhase section */

/* Begin PBXGroup section */
		101999712B5FCED4002ECC59 = {
			isa = PBXGroup;
			children = (
				1019997C2B5FCED4002ECC59 /* Helper */,
				1019997B2B5FCED4002ECC59 /* Products */,
			);
			sourceTree = "<group>";
		};
		1019997B2B5FCED4002ECC59 /* Products */ = {
			isa = PBXGroup;
			children = (
				1019997A2B5FCED4002ECC59 /* Helper.app */,
			);
			name = Products;
			sourceTree = "<group>";
		};
		1019997C2B5FCED4002ECC59 /* Helper */ = {
			isa = PBXGroup;
			children = (
				1019997D2B5FCED4002ECC59 /* HelperApp.swift */,
				10451E7C2B612BE5005E91A0 /* Screens */,
				10451E832B612C6B005E91A0 /* Model */,
				101999812B5FCED6002ECC59 /* Assets.xcassets */,
				101999832B5FCED6002ECC59 /* Preview Content */,
			);
			path = Helper;
			sourceTree = "<group>";
		};
		101999832B5FCED6002ECC59 /* Preview Content */ = {
			isa = PBXGroup;
			children = (
				101999842B5FCED6002ECC59 /* Preview Assets.xcassets */,
			);
			path = "Preview Content";
			sourceTree = "<group>";
		};
		10451E7C2B612BE5005E91A0 /* Screens */ = {
			isa = PBXGroup;
			children = (
				1019997F2B5FCED4002ECC59 /* HelperTabView.swift */,
				10451E7E2B612C04005E91A0 /* Profile */,
				10451E7D2B612BF4005E91A0 /* Home */,
				10451E7F2B612C18005E91A0 /* Search */,
				10451E802B612C25005E91A0 /* Create */,
				10451E812B612C35005E91A0 /* Chat */,
				10451E822B612C41005E91A0 /* Library */,
			);
			path = Screens;
			sourceTree = "<group>";
		};
		10451E7D2B612BF4005E91A0 /* Home */ = {
			isa = PBXGroup;
			children = (
				1019998B2B5FDA94002ECC59 /* HomeView.swift */,
			);
			path = Home;
			sourceTree = "<group>";
		};
		10451E7E2B612C04005E91A0 /* Profile */ = {
			isa = PBXGroup;
			children = (
				101999952B5FDEEF002ECC59 /* ProfileView.swift */,
				DDDD83E82B62466100C4732A /* PostsView.swift */,
				DDDD83EA2B62467A00C4732A /* QuickHelpsView.swift */,
			);
			path = Profile;
			sourceTree = "<group>";
		};
		10451E7F2B612C18005E91A0 /* Search */ = {
			isa = PBXGroup;
			children = (
				1019998D2B5FDA9F002ECC59 /* SearchView.swift */,
			);
			path = Search;
			sourceTree = "<group>";
		};
		10451E802B612C25005E91A0 /* Create */ = {
			isa = PBXGroup;
			children = (
				1019998F2B5FDAAD002ECC59 /* CreateView.swift */,
				102BE7942B62011E00A0C98F /* CreateViewModel.swift */,
			);
			path = Create;
			sourceTree = "<group>";
		};
		10451E812B612C35005E91A0 /* Chat */ = {
			isa = PBXGroup;
			children = (
				101999912B5FDAC0002ECC59 /* ChatView.swift */,
				DDDD83EC2B62512500C4732A /* MessagesView.swift */,
			);
			path = Chat;
			sourceTree = "<group>";
		};
		10451E822B612C41005E91A0 /* Library */ = {
			isa = PBXGroup;
			children = (
				101999932B5FDAE0002ECC59 /* LibraryView.swift */,
			);
			path = Library;
			sourceTree = "<group>";
		};
		10451E832B612C6B005E91A0 /* Model */ = {
			isa = PBXGroup;
			children = (
				DDDD83E62B62450100C4732A /* MockData.swift */,
				10451E7A2B60D288005E91A0 /* DataModel.swift */,
			);
			path = Model;
			sourceTree = "<group>";
		};
/* End PBXGroup section */

/* Begin PBXNativeTarget section */
		101999792B5FCED4002ECC59 /* Helper */ = {
			isa = PBXNativeTarget;
			buildConfigurationList = 101999882B5FCED6002ECC59 /* Build configuration list for PBXNativeTarget "Helper" */;
			buildPhases = (
				101999762B5FCED4002ECC59 /* Sources */,
				101999772B5FCED4002ECC59 /* Frameworks */,
				101999782B5FCED4002ECC59 /* Resources */,
			);
			buildRules = (
			);
			dependencies = (
			);
			name = Helper;
			productName = Helper;
			productReference = 1019997A2B5FCED4002ECC59 /* Helper.app */;
			productType = "com.apple.product-type.application";
		};
/* End PBXNativeTarget section */

/* Begin PBXProject section */
		101999722B5FCED4002ECC59 /* Project object */ = {
			isa = PBXProject;
			attributes = {
				BuildIndependentTargetsInParallel = 1;
				LastSwiftUpdateCheck = 1520;
				LastUpgradeCheck = 1520;
				TargetAttributes = {
					101999792B5FCED4002ECC59 = {
						CreatedOnToolsVersion = 15.2;
					};
				};
			};
			buildConfigurationList = 101999752B5FCED4002ECC59 /* Build configuration list for PBXProject "Helper" */;
			compatibilityVersion = "Xcode 14.0";
			developmentRegion = en;
			hasScannedForEncodings = 0;
			knownRegions = (
				en,
				Base,
			);
			mainGroup = 101999712B5FCED4002ECC59;
			productRefGroup = 1019997B2B5FCED4002ECC59 /* Products */;
			projectDirPath = "";
			projectRoot = "";
			targets = (
				101999792B5FCED4002ECC59 /* Helper */,
			);
		};
/* End PBXProject section */

/* Begin PBXResourcesBuildPhase section */
		101999782B5FCED4002ECC59 /* Resources */ = {
			isa = PBXResourcesBuildPhase;
			buildActionMask = 2147483647;
			files = (
				101999852B5FCED6002ECC59 /* Preview Assets.xcassets in Resources */,
				101999822B5FCED6002ECC59 /* Assets.xcassets in Resources */,
			);
			runOnlyForDeploymentPostprocessing = 0;
		};
/* End PBXResourcesBuildPhase section */

/* Begin PBXSourcesBuildPhase section */
		101999762B5FCED4002ECC59 /* Sources */ = {
			isa = PBXSourcesBuildPhase;
			buildActionMask = 2147483647;
			files = (
				DDDD83E72B62450100C4732A /* MockData.swift in Sources */,
				DDDD83EB2B62467A00C4732A /* QuickHelpsView.swift in Sources */,
				101999962B5FDEEF002ECC59 /* ProfileView.swift in Sources */,
				DDDD83E92B62466100C4732A /* PostsView.swift in Sources */,
				DDDD83ED2B62512500C4732A /* MessagesView.swift in Sources */,
				101999942B5FDAE0002ECC59 /* LibraryView.swift in Sources */,
				102BE7952B62011E00A0C98F /* CreateViewModel.swift in Sources */,
				1019998E2B5FDA9F002ECC59 /* SearchView.swift in Sources */,
				1019998C2B5FDA94002ECC59 /* HomeView.swift in Sources */,
				101999802B5FCED4002ECC59 /* HelperTabView.swift in Sources */,
				1019997E2B5FCED4002ECC59 /* HelperApp.swift in Sources */,
				101999922B5FDAC0002ECC59 /* ChatView.swift in Sources */,
				10451E7B2B60D288005E91A0 /* DataModel.swift in Sources */,
				101999902B5FDAAD002ECC59 /* CreateView.swift in Sources */,
			);
			runOnlyForDeploymentPostprocessing = 0;
		};
/* End PBXSourcesBuildPhase section */

/* Begin XCBuildConfiguration section */
		101999862B5FCED6002ECC59 /* Debug */ = {
			isa = XCBuildConfiguration;
			buildSettings = {
				ALWAYS_SEARCH_USER_PATHS = NO;
				ASSETCATALOG_COMPILER_GENERATE_SWIFT_ASSET_SYMBOL_EXTENSIONS = YES;
				CLANG_ANALYZER_NONNULL = YES;
				CLANG_ANALYZER_NUMBER_OBJECT_CONVERSION = YES_AGGRESSIVE;
				CLANG_CXX_LANGUAGE_STANDARD = "gnu++20";
				CLANG_ENABLE_MODULES = YES;
				CLANG_ENABLE_OBJC_ARC = YES;
				CLANG_ENABLE_OBJC_WEAK = YES;
				CLANG_WARN_BLOCK_CAPTURE_AUTORELEASING = YES;
				CLANG_WARN_BOOL_CONVERSION = YES;
				CLANG_WARN_COMMA = YES;
				CLANG_WARN_CONSTANT_CONVERSION = YES;
				CLANG_WARN_DEPRECATED_OBJC_IMPLEMENTATIONS = YES;
				CLANG_WARN_DIRECT_OBJC_ISA_USAGE = YES_ERROR;
				CLANG_WARN_DOCUMENTATION_COMMENTS = YES;
				CLANG_WARN_EMPTY_BODY = YES;
				CLANG_WARN_ENUM_CONVERSION = YES;
				CLANG_WARN_INFINITE_RECURSION = YES;
				CLANG_WARN_INT_CONVERSION = YES;
				CLANG_WARN_NON_LITERAL_NULL_CONVERSION = YES;
				CLANG_WARN_OBJC_IMPLICIT_RETAIN_SELF = YES;
				CLANG_WARN_OBJC_LITERAL_CONVERSION = YES;
				CLANG_WARN_OBJC_ROOT_CLASS = YES_ERROR;
				CLANG_WARN_QUOTED_INCLUDE_IN_FRAMEWORK_HEADER = YES;
				CLANG_WARN_RANGE_LOOP_ANALYSIS = YES;
				CLANG_WARN_STRICT_PROTOTYPES = YES;
				CLANG_WARN_SUSPICIOUS_MOVE = YES;
				CLANG_WARN_UNGUARDED_AVAILABILITY = YES_AGGRESSIVE;
				CLANG_WARN_UNREACHABLE_CODE = YES;
				CLANG_WARN__DUPLICATE_METHOD_MATCH = YES;
				COPY_PHASE_STRIP = NO;
				DEBUG_INFORMATION_FORMAT = dwarf;
				ENABLE_STRICT_OBJC_MSGSEND = YES;
				ENABLE_TESTABILITY = YES;
				ENABLE_USER_SCRIPT_SANDBOXING = YES;
				GCC_C_LANGUAGE_STANDARD = gnu17;
				GCC_DYNAMIC_NO_PIC = NO;
				GCC_NO_COMMON_BLOCKS = YES;
				GCC_OPTIMIZATION_LEVEL = 0;
				GCC_PREPROCESSOR_DEFINITIONS = (
					"DEBUG=1",
					"$(inherited)",
				);
				GCC_WARN_64_TO_32_BIT_CONVERSION = YES;
				GCC_WARN_ABOUT_RETURN_TYPE = YES_ERROR;
				GCC_WARN_UNDECLARED_SELECTOR = YES;
				GCC_WARN_UNINITIALIZED_AUTOS = YES_AGGRESSIVE;
				GCC_WARN_UNUSED_FUNCTION = YES;
				GCC_WARN_UNUSED_VARIABLE = YES;
				IPHONEOS_DEPLOYMENT_TARGET = 17.2;
				LOCALIZATION_PREFERS_STRING_CATALOGS = YES;
				MTL_ENABLE_DEBUG_INFO = INCLUDE_SOURCE;
				MTL_FAST_MATH = YES;
				ONLY_ACTIVE_ARCH = YES;
				SDKROOT = iphoneos;
				SWIFT_ACTIVE_COMPILATION_CONDITIONS = "DEBUG $(inherited)";
				SWIFT_OPTIMIZATION_LEVEL = "-Onone";
			};
			name = Debug;
		};
		101999872B5FCED6002ECC59 /* Release */ = {
			isa = XCBuildConfiguration;
			buildSettings = {
				ALWAYS_SEARCH_USER_PATHS = NO;
				ASSETCATALOG_COMPILER_GENERATE_SWIFT_ASSET_SYMBOL_EXTENSIONS = YES;
				CLANG_ANALYZER_NONNULL = YES;
				CLANG_ANALYZER_NUMBER_OBJECT_CONVERSION = YES_AGGRESSIVE;
				CLANG_CXX_LANGUAGE_STANDARD = "gnu++20";
				CLANG_ENABLE_MODULES = YES;
				CLANG_ENABLE_OBJC_ARC = YES;
				CLANG_ENABLE_OBJC_WEAK = YES;
				CLANG_WARN_BLOCK_CAPTURE_AUTORELEASING = YES;
				CLANG_WARN_BOOL_CONVERSION = YES;
				CLANG_WARN_COMMA = YES;
				CLANG_WARN_CONSTANT_CONVERSION = YES;
				CLANG_WARN_DEPRECATED_OBJC_IMPLEMENTATIONS = YES;
				CLANG_WARN_DIRECT_OBJC_ISA_USAGE = YES_ERROR;
				CLANG_WARN_DOCUMENTATION_COMMENTS = YES;
				CLANG_WARN_EMPTY_BODY = YES;
				CLANG_WARN_ENUM_CONVERSION = YES;
				CLANG_WARN_INFINITE_RECURSION = YES;
				CLANG_WARN_INT_CONVERSION = YES;
				CLANG_WARN_NON_LITERAL_NULL_CONVERSION = YES;
				CLANG_WARN_OBJC_IMPLICIT_RETAIN_SELF = YES;
				CLANG_WARN_OBJC_LITERAL_CONVERSION = YES;
				CLANG_WARN_OBJC_ROOT_CLASS = YES_ERROR;
				CLANG_WARN_QUOTED_INCLUDE_IN_FRAMEWORK_HEADER = YES;
				CLANG_WARN_RANGE_LOOP_ANALYSIS = YES;
				CLANG_WARN_STRICT_PROTOTYPES = YES;
				CLANG_WARN_SUSPICIOUS_MOVE = YES;
				CLANG_WARN_UNGUARDED_AVAILABILITY = YES_AGGRESSIVE;
				CLANG_WARN_UNREACHABLE_CODE = YES;
				CLANG_WARN__DUPLICATE_METHOD_MATCH = YES;
				COPY_PHASE_STRIP = NO;
				DEBUG_INFORMATION_FORMAT = "dwarf-with-dsym";
				ENABLE_NS_ASSERTIONS = NO;
				ENABLE_STRICT_OBJC_MSGSEND = YES;
				ENABLE_USER_SCRIPT_SANDBOXING = YES;
				GCC_C_LANGUAGE_STANDARD = gnu17;
				GCC_NO_COMMON_BLOCKS = YES;
				GCC_WARN_64_TO_32_BIT_CONVERSION = YES;
				GCC_WARN_ABOUT_RETURN_TYPE = YES_ERROR;
				GCC_WARN_UNDECLARED_SELECTOR = YES;
				GCC_WARN_UNINITIALIZED_AUTOS = YES_AGGRESSIVE;
				GCC_WARN_UNUSED_FUNCTION = YES;
				GCC_WARN_UNUSED_VARIABLE = YES;
				IPHONEOS_DEPLOYMENT_TARGET = 17.2;
				LOCALIZATION_PREFERS_STRING_CATALOGS = YES;
				MTL_ENABLE_DEBUG_INFO = NO;
				MTL_FAST_MATH = YES;
				SDKROOT = iphoneos;
				SWIFT_COMPILATION_MODE = wholemodule;
				VALIDATE_PRODUCT = YES;
			};
			name = Release;
		};
		101999892B5FCED6002ECC59 /* Debug */ = {
			isa = XCBuildConfiguration;
			buildSettings = {
				ASSETCATALOG_COMPILER_APPICON_NAME = AppIcon;
				ASSETCATALOG_COMPILER_GLOBAL_ACCENT_COLOR_NAME = AccentColor;
				CODE_SIGN_STYLE = Automatic;
				CURRENT_PROJECT_VERSION = 1;
				DEVELOPMENT_ASSET_PATHS = "\"Helper/Preview Content\"";
				DEVELOPMENT_TEAM = 4RUKJ5BRNZ;
				ENABLE_PREVIEWS = YES;
				GENERATE_INFOPLIST_FILE = YES;
				INFOPLIST_KEY_UIApplicationSceneManifest_Generation = YES;
				INFOPLIST_KEY_UIApplicationSupportsIndirectInputEvents = YES;
				INFOPLIST_KEY_UILaunchScreen_Generation = YES;
				INFOPLIST_KEY_UISupportedInterfaceOrientations_iPad = "UIInterfaceOrientationPortrait UIInterfaceOrientationPortraitUpsideDown UIInterfaceOrientationLandscapeLeft UIInterfaceOrientationLandscapeRight";
				INFOPLIST_KEY_UISupportedInterfaceOrientations_iPhone = "UIInterfaceOrientationPortrait UIInterfaceOrientationLandscapeLeft UIInterfaceOrientationLandscapeRight";
				LD_RUNPATH_SEARCH_PATHS = (
					"$(inherited)",
					"@executable_path/Frameworks",
				);
				MARKETING_VERSION = 1.0;
				PRODUCT_BUNDLE_IDENTIFIER = Asror.Helper123;
				PRODUCT_NAME = "$(TARGET_NAME)";
				SWIFT_EMIT_LOC_STRINGS = YES;
				SWIFT_VERSION = 5.0;
				TARGETED_DEVICE_FAMILY = "1,2";
			};
			name = Debug;
		};
		1019998A2B5FCED6002ECC59 /* Release */ = {
			isa = XCBuildConfiguration;
			buildSettings = {
				ASSETCATALOG_COMPILER_APPICON_NAME = AppIcon;
				ASSETCATALOG_COMPILER_GLOBAL_ACCENT_COLOR_NAME = AccentColor;
				CODE_SIGN_STYLE = Automatic;
				CURRENT_PROJECT_VERSION = 1;
				DEVELOPMENT_ASSET_PATHS = "\"Helper/Preview Content\"";
				DEVELOPMENT_TEAM = 4RUKJ5BRNZ;
				ENABLE_PREVIEWS = YES;
				GENERATE_INFOPLIST_FILE = YES;
				INFOPLIST_KEY_UIApplicationSceneManifest_Generation = YES;
				INFOPLIST_KEY_UIApplicationSupportsIndirectInputEvents = YES;
				INFOPLIST_KEY_UILaunchScreen_Generation = YES;
				INFOPLIST_KEY_UISupportedInterfaceOrientations_iPad = "UIInterfaceOrientationPortrait UIInterfaceOrientationPortraitUpsideDown UIInterfaceOrientationLandscapeLeft UIInterfaceOrientationLandscapeRight";
				INFOPLIST_KEY_UISupportedInterfaceOrientations_iPhone = "UIInterfaceOrientationPortrait UIInterfaceOrientationLandscapeLeft UIInterfaceOrientationLandscapeRight";
				LD_RUNPATH_SEARCH_PATHS = (
					"$(inherited)",
					"@executable_path/Frameworks",
				);
				MARKETING_VERSION = 1.0;
				PRODUCT_BUNDLE_IDENTIFIER = Asror.Helper123;
				PRODUCT_NAME = "$(TARGET_NAME)";
				SWIFT_EMIT_LOC_STRINGS = YES;
				SWIFT_VERSION = 5.0;
				TARGETED_DEVICE_FAMILY = "1,2";
			};
			name = Release;
		};
/* End XCBuildConfiguration section */

/* Begin XCConfigurationList section */
		101999752B5FCED4002ECC59 /* Build configuration list for PBXProject "Helper" */ = {
			isa = XCConfigurationList;
			buildConfigurations = (
				101999862B5FCED6002ECC59 /* Debug */,
				101999872B5FCED6002ECC59 /* Release */,
			);
			defaultConfigurationIsVisible = 0;
			defaultConfigurationName = Release;
		};
		101999882B5FCED6002ECC59 /* Build configuration list for PBXNativeTarget "Helper" */ = {
			isa = XCConfigurationList;
			buildConfigurations = (
				101999892B5FCED6002ECC59 /* Debug */,
				1019998A2B5FCED6002ECC59 /* Release */,
			);
			defaultConfigurationIsVisible = 0;
			defaultConfigurationName = Release;
		};
/* End XCConfigurationList section */
	};
	rootObject = 101999722B5FCED4002ECC59 /* Project object */;
}
