// !$*UTF8*$!
{
	archiveVersion = 1;
	classes = {
	};
	objectVersion = 56;
	objects = {

/* Begin PBXBuildFile section */
		1019997E2B5FCED4002ECC59 /* HelperApp.swift in Sources */ = {isa = PBXBuildFile; fileRef = 1019997D2B5FCED4002ECC59 /* HelperApp.swift */; };
		101999822B5FCED6002ECC59 /* Assets.xcassets in Resources */ = {isa = PBXBuildFile; fileRef = 101999812B5FCED6002ECC59 /* Assets.xcassets */; };
		101999852B5FCED6002ECC59 /* Preview Assets.xcassets in Resources */ = {isa = PBXBuildFile; fileRef = 101999842B5FCED6002ECC59 /* Preview Assets.xcassets */; };
		DD639F2C2B64E741003874FD /* GoogleService-Info.plist in Resources */ = {isa = PBXBuildFile; fileRef = DD639F2B2B64E741003874FD /* GoogleService-Info.plist */; };
		DD639F2F2B64E979003874FD /* FirebaseAnalytics in Frameworks */ = {isa = PBXBuildFile; productRef = DD639F2E2B64E979003874FD /* FirebaseAnalytics */; };
		DD639F312B64E979003874FD /* FirebaseAnalyticsOnDeviceConversion in Frameworks */ = {isa = PBXBuildFile; productRef = DD639F302B64E979003874FD /* FirebaseAnalyticsOnDeviceConversion */; };
		DD639F332B64E979003874FD /* FirebaseAnalyticsSwift in Frameworks */ = {isa = PBXBuildFile; productRef = DD639F322B64E979003874FD /* FirebaseAnalyticsSwift */; };
		DD639F352B64E979003874FD /* FirebaseAnalyticsWithoutAdIdSupport in Frameworks */ = {isa = PBXBuildFile; productRef = DD639F342B64E979003874FD /* FirebaseAnalyticsWithoutAdIdSupport */; };
		DD639F372B64E979003874FD /* FirebaseAppCheck in Frameworks */ = {isa = PBXBuildFile; productRef = DD639F362B64E979003874FD /* FirebaseAppCheck */; };
		DD639F392B64E979003874FD /* FirebaseAppDistribution-Beta in Frameworks */ = {isa = PBXBuildFile; productRef = DD639F382B64E979003874FD /* FirebaseAppDistribution-Beta */; };
		DD639F3B2B64E979003874FD /* FirebaseAuth in Frameworks */ = {isa = PBXBuildFile; productRef = DD639F3A2B64E979003874FD /* FirebaseAuth */; };
		DD639F3D2B64E979003874FD /* FirebaseAuthCombine-Community in Frameworks */ = {isa = PBXBuildFile; productRef = DD639F3C2B64E979003874FD /* FirebaseAuthCombine-Community */; };
		DD639F3F2B64E979003874FD /* FirebaseCrashlytics in Frameworks */ = {isa = PBXBuildFile; productRef = DD639F3E2B64E979003874FD /* FirebaseCrashlytics */; };
		DD639F412B64E979003874FD /* FirebaseDatabase in Frameworks */ = {isa = PBXBuildFile; productRef = DD639F402B64E979003874FD /* FirebaseDatabase */; };
		DD639F432B64E979003874FD /* FirebaseDatabaseSwift in Frameworks */ = {isa = PBXBuildFile; productRef = DD639F422B64E979003874FD /* FirebaseDatabaseSwift */; };
		DD639F452B64E979003874FD /* FirebaseDynamicLinks in Frameworks */ = {isa = PBXBuildFile; productRef = DD639F442B64E979003874FD /* FirebaseDynamicLinks */; };
		DD639F472B64E979003874FD /* FirebaseFirestore in Frameworks */ = {isa = PBXBuildFile; productRef = DD639F462B64E979003874FD /* FirebaseFirestore */; };
		DD639F492B64E979003874FD /* FirebaseFirestoreCombine-Community in Frameworks */ = {isa = PBXBuildFile; productRef = DD639F482B64E979003874FD /* FirebaseFirestoreCombine-Community */; };
		DD639F4B2B64E979003874FD /* FirebaseFirestoreSwift in Frameworks */ = {isa = PBXBuildFile; productRef = DD639F4A2B64E979003874FD /* FirebaseFirestoreSwift */; };
		DD639F4D2B64E979003874FD /* FirebaseFunctions in Frameworks */ = {isa = PBXBuildFile; productRef = DD639F4C2B64E979003874FD /* FirebaseFunctions */; };
		DD639F4F2B64E979003874FD /* FirebaseFunctionsCombine-Community in Frameworks */ = {isa = PBXBuildFile; productRef = DD639F4E2B64E979003874FD /* FirebaseFunctionsCombine-Community */; };
		DD639F512B64E979003874FD /* FirebaseInAppMessaging-Beta in Frameworks */ = {isa = PBXBuildFile; productRef = DD639F502B64E979003874FD /* FirebaseInAppMessaging-Beta */; };
		DD639F532B64E979003874FD /* FirebaseInAppMessagingSwift-Beta in Frameworks */ = {isa = PBXBuildFile; productRef = DD639F522B64E979003874FD /* FirebaseInAppMessagingSwift-Beta */; };
		DD639F552B64E979003874FD /* FirebaseInstallations in Frameworks */ = {isa = PBXBuildFile; productRef = DD639F542B64E979003874FD /* FirebaseInstallations */; };
		DD639F572B64E979003874FD /* FirebaseMLModelDownloader in Frameworks */ = {isa = PBXBuildFile; productRef = DD639F562B64E979003874FD /* FirebaseMLModelDownloader */; };
		DD639F592B64E979003874FD /* FirebaseMessaging in Frameworks */ = {isa = PBXBuildFile; productRef = DD639F582B64E979003874FD /* FirebaseMessaging */; };
		DD639F5B2B64E979003874FD /* FirebasePerformance in Frameworks */ = {isa = PBXBuildFile; productRef = DD639F5A2B64E979003874FD /* FirebasePerformance */; };
		DD639F5D2B64E979003874FD /* FirebaseRemoteConfig in Frameworks */ = {isa = PBXBuildFile; productRef = DD639F5C2B64E979003874FD /* FirebaseRemoteConfig */; };
		DD639F5F2B64E979003874FD /* FirebaseRemoteConfigSwift in Frameworks */ = {isa = PBXBuildFile; productRef = DD639F5E2B64E979003874FD /* FirebaseRemoteConfigSwift */; };
		DD639F612B64E979003874FD /* FirebaseStorage in Frameworks */ = {isa = PBXBuildFile; productRef = DD639F602B64E979003874FD /* FirebaseStorage */; };
		DD639F632B64E979003874FD /* FirebaseStorageCombine-Community in Frameworks */ = {isa = PBXBuildFile; productRef = DD639F622B64E979003874FD /* FirebaseStorageCombine-Community */; };
		DD639F652B64E9B0003874FD /* AppDelegate.swift in Sources */ = {isa = PBXBuildFile; fileRef = DD639F642B64E9B0003874FD /* AppDelegate.swift */; };
		DD639F7F2B65167F003874FD /* HelperTabView.swift in Sources */ = {isa = PBXBuildFile; fileRef = DD639F672B65167E003874FD /* HelperTabView.swift */; };
		DD639F802B65167F003874FD /* HomeView.swift in Sources */ = {isa = PBXBuildFile; fileRef = DD639F692B65167E003874FD /* HomeView.swift */; };
		DD639F812B65167F003874FD /* InDetailView.swift in Sources */ = {isa = PBXBuildFile; fileRef = DD639F6A2B65167E003874FD /* InDetailView.swift */; };
		DD639F822B65167F003874FD /* en.xcloc in Resources */ = {isa = PBXBuildFile; fileRef = DD639F6C2B65167E003874FD /* en.xcloc */; };
		DD639F832B65167F003874FD /* MessagesView.swift in Sources */ = {isa = PBXBuildFile; fileRef = DD639F6E2B65167E003874FD /* MessagesView.swift */; };
		DD639F842B65167F003874FD /* ChatView.swift in Sources */ = {isa = PBXBuildFile; fileRef = DD639F6F2B65167E003874FD /* ChatView.swift */; };
		DD639F852B65167F003874FD /* LogInView.swift in Sources */ = {isa = PBXBuildFile; fileRef = DD639F702B65167E003874FD /* LogInView.swift */; };
		DD639F862B65167F003874FD /* ResourcesView.swift in Sources */ = {isa = PBXBuildFile; fileRef = DD639F722B65167E003874FD /* ResourcesView.swift */; };
		DD639F872B65167F003874FD /* SearchView.swift in Sources */ = {isa = PBXBuildFile; fileRef = DD639F742B65167E003874FD /* SearchView.swift */; };
		DD639F882B65167F003874FD /* WelcomeView.swift in Sources */ = {isa = PBXBuildFile; fileRef = DD639F752B65167E003874FD /* WelcomeView.swift */; };
		DD639F892B65167F003874FD /* ProfileView.swift in Sources */ = {isa = PBXBuildFile; fileRef = DD639F772B65167E003874FD /* ProfileView.swift */; };
		DD639F8A2B65167F003874FD /* CompanyProfileView.swift in Sources */ = {isa = PBXBuildFile; fileRef = DD639F782B65167E003874FD /* CompanyProfileView.swift */; };
		DD639F8B2B65167F003874FD /* QuickHelpsView.swift in Sources */ = {isa = PBXBuildFile; fileRef = DD639F792B65167E003874FD /* QuickHelpsView.swift */; };
		DD639F8C2B65167F003874FD /* PostsView.swift in Sources */ = {isa = PBXBuildFile; fileRef = DD639F7A2B65167E003874FD /* PostsView.swift */; };
		DD639F8D2B65167F003874FD /* CreateViewModel.swift in Sources */ = {isa = PBXBuildFile; fileRef = DD639F7C2B65167F003874FD /* CreateViewModel.swift */; };
		DD639F8E2B65167F003874FD /* CreateView.swift in Sources */ = {isa = PBXBuildFile; fileRef = DD639F7D2B65167F003874FD /* CreateView.swift */; };
		DD639F8F2B65167F003874FD /* SignUpView.swift in Sources */ = {isa = PBXBuildFile; fileRef = DD639F7E2B65167F003874FD /* SignUpView.swift */; };
		DD639F932B6516CE003874FD /* DataModel.swift in Sources */ = {isa = PBXBuildFile; fileRef = DD639F912B6516CE003874FD /* DataModel.swift */; };
		DD639F942B6516CE003874FD /* MockData.swift in Sources */ = {isa = PBXBuildFile; fileRef = DD639F922B6516CE003874FD /* MockData.swift */; };
		DDC29D9C2B642A2300B4CE51 /* Namangan viloyati.json in Resources */ = {isa = PBXBuildFile; fileRef = DDC29D8C2B642A2300B4CE51 /* Namangan viloyati.json */; };
		DDC29D9D2B642A2300B4CE51 /* IshHaqiHududiy.json in Resources */ = {isa = PBXBuildFile; fileRef = DDC29D8D2B642A2300B4CE51 /* IshHaqiHududiy.json */; };
		DDC29D9E2B642A2300B4CE51 /* Toshkent viloyati.json in Resources */ = {isa = PBXBuildFile; fileRef = DDC29D8E2B642A2300B4CE51 /* Toshkent viloyati.json */; };
		DDC29D9F2B642A2300B4CE51 /* Sirdaryo viloyati.json in Resources */ = {isa = PBXBuildFile; fileRef = DDC29D8F2B642A2300B4CE51 /* Sirdaryo viloyati.json */; };
		DDC29DA02B642A2300B4CE51 /* Jizzax viloyati.json in Resources */ = {isa = PBXBuildFile; fileRef = DDC29D902B642A2300B4CE51 /* Jizzax viloyati.json */; };
		DDC29DA12B642A2300B4CE51 /* Qashqadaryo viloyati.json in Resources */ = {isa = PBXBuildFile; fileRef = DDC29D912B642A2300B4CE51 /* Qashqadaryo viloyati.json */; };
		DDC29DA22B642A2300B4CE51 /* Farg'ona viloyati.json in Resources */ = {isa = PBXBuildFile; fileRef = DDC29D922B642A2300B4CE51 /* Farg'ona viloyati.json */; };
		DDC29DA32B642A2300B4CE51 /* Samarqand viloyati.json in Resources */ = {isa = PBXBuildFile; fileRef = DDC29D932B642A2300B4CE51 /* Samarqand viloyati.json */; };
		DDC29DA42B642A2300B4CE51 /* Surxondaryo viloyati.json in Resources */ = {isa = PBXBuildFile; fileRef = DDC29D942B642A2300B4CE51 /* Surxondaryo viloyati.json */; };
		DDC29DA52B642A2300B4CE51 /* IshHaqiSohalar.json in Resources */ = {isa = PBXBuildFile; fileRef = DDC29D952B642A2300B4CE51 /* IshHaqiSohalar.json */; };
		DDC29DA62B642A2300B4CE51 /* Navoiy viloyati.json in Resources */ = {isa = PBXBuildFile; fileRef = DDC29D962B642A2300B4CE51 /* Navoiy viloyati.json */; };
		DDC29DA72B642A2300B4CE51 /* Xorazm viloyati.json in Resources */ = {isa = PBXBuildFile; fileRef = DDC29D972B642A2300B4CE51 /* Xorazm viloyati.json */; };
		DDC29DA82B642A2300B4CE51 /* Buxoro viloyati.json in Resources */ = {isa = PBXBuildFile; fileRef = DDC29D982B642A2300B4CE51 /* Buxoro viloyati.json */; };
		DDC29DA92B642A2300B4CE51 /* Andijon viloyati.json in Resources */ = {isa = PBXBuildFile; fileRef = DDC29D992B642A2300B4CE51 /* Andijon viloyati.json */; };
		DDC29DAA2B642A2300B4CE51 /* Qoraqalpog'iston Respublikasi.json in Resources */ = {isa = PBXBuildFile; fileRef = DDC29D9A2B642A2300B4CE51 /* Qoraqalpog'iston Respublikasi.json */; };
		DDC29DAB2B642A2300B4CE51 /* Toshkent shahri.json in Resources */ = {isa = PBXBuildFile; fileRef = DDC29D9B2B642A2300B4CE51 /* Toshkent shahri.json */; };
		DDC29DAE2B643C5800B4CE51 /* SwiftyJSON in Frameworks */ = {isa = PBXBuildFile; productRef = DDC29DAD2B643C5800B4CE51 /* SwiftyJSON */; };
/* End PBXBuildFile section */

/* Begin PBXFileReference section */
		1019997A2B5FCED4002ECC59 /* Helper.app */ = {isa = PBXFileReference; explicitFileType = wrapper.application; includeInIndex = 0; path = Helper.app; sourceTree = BUILT_PRODUCTS_DIR; };
		1019997D2B5FCED4002ECC59 /* HelperApp.swift */ = {isa = PBXFileReference; lastKnownFileType = sourcecode.swift; path = HelperApp.swift; sourceTree = "<group>"; };
		101999812B5FCED6002ECC59 /* Assets.xcassets */ = {isa = PBXFileReference; lastKnownFileType = folder.assetcatalog; path = Assets.xcassets; sourceTree = "<group>"; };
		101999842B5FCED6002ECC59 /* Preview Assets.xcassets */ = {isa = PBXFileReference; lastKnownFileType = folder.assetcatalog; path = "Preview Assets.xcassets"; sourceTree = "<group>"; };
		DD639F2B2B64E741003874FD /* GoogleService-Info.plist */ = {isa = PBXFileReference; fileEncoding = 4; lastKnownFileType = text.plist.xml; path = "GoogleService-Info.plist"; sourceTree = "<group>"; };
		DD639F642B64E9B0003874FD /* AppDelegate.swift */ = {isa = PBXFileReference; lastKnownFileType = sourcecode.swift; path = AppDelegate.swift; sourceTree = "<group>"; };
		DD639F672B65167E003874FD /* HelperTabView.swift */ = {isa = PBXFileReference; fileEncoding = 4; lastKnownFileType = sourcecode.swift; path = HelperTabView.swift; sourceTree = "<group>"; };
		DD639F692B65167E003874FD /* HomeView.swift */ = {isa = PBXFileReference; fileEncoding = 4; lastKnownFileType = sourcecode.swift; path = HomeView.swift; sourceTree = "<group>"; };
		DD639F6A2B65167E003874FD /* InDetailView.swift */ = {isa = PBXFileReference; fileEncoding = 4; lastKnownFileType = sourcecode.swift; path = InDetailView.swift; sourceTree = "<group>"; };
		DD639F6C2B65167E003874FD /* en.xcloc */ = {isa = PBXFileReference; lastKnownFileType = wrapper; path = en.xcloc; sourceTree = "<group>"; };
		DD639F6E2B65167E003874FD /* MessagesView.swift */ = {isa = PBXFileReference; fileEncoding = 4; lastKnownFileType = sourcecode.swift; path = MessagesView.swift; sourceTree = "<group>"; };
		DD639F6F2B65167E003874FD /* ChatView.swift */ = {isa = PBXFileReference; fileEncoding = 4; lastKnownFileType = sourcecode.swift; path = ChatView.swift; sourceTree = "<group>"; };
		DD639F702B65167E003874FD /* LogInView.swift */ = {isa = PBXFileReference; fileEncoding = 4; lastKnownFileType = sourcecode.swift; path = LogInView.swift; sourceTree = "<group>"; };
		DD639F722B65167E003874FD /* ResourcesView.swift */ = {isa = PBXFileReference; fileEncoding = 4; lastKnownFileType = sourcecode.swift; path = ResourcesView.swift; sourceTree = "<group>"; };
		DD639F742B65167E003874FD /* SearchView.swift */ = {isa = PBXFileReference; fileEncoding = 4; lastKnownFileType = sourcecode.swift; path = SearchView.swift; sourceTree = "<group>"; };
		DD639F752B65167E003874FD /* WelcomeView.swift */ = {isa = PBXFileReference; fileEncoding = 4; lastKnownFileType = sourcecode.swift; path = WelcomeView.swift; sourceTree = "<group>"; };
		DD639F772B65167E003874FD /* ProfileView.swift */ = {isa = PBXFileReference; fileEncoding = 4; lastKnownFileType = sourcecode.swift; path = ProfileView.swift; sourceTree = "<group>"; };
		DD639F782B65167E003874FD /* CompanyProfileView.swift */ = {isa = PBXFileReference; fileEncoding = 4; lastKnownFileType = sourcecode.swift; path = CompanyProfileView.swift; sourceTree = "<group>"; };
		DD639F792B65167E003874FD /* QuickHelpsView.swift */ = {isa = PBXFileReference; fileEncoding = 4; lastKnownFileType = sourcecode.swift; path = QuickHelpsView.swift; sourceTree = "<group>"; };
		DD639F7A2B65167E003874FD /* PostsView.swift */ = {isa = PBXFileReference; fileEncoding = 4; lastKnownFileType = sourcecode.swift; path = PostsView.swift; sourceTree = "<group>"; };
		DD639F7C2B65167F003874FD /* CreateViewModel.swift */ = {isa = PBXFileReference; fileEncoding = 4; lastKnownFileType = sourcecode.swift; path = CreateViewModel.swift; sourceTree = "<group>"; };
		DD639F7D2B65167F003874FD /* CreateView.swift */ = {isa = PBXFileReference; fileEncoding = 4; lastKnownFileType = sourcecode.swift; path = CreateView.swift; sourceTree = "<group>"; };
		DD639F7E2B65167F003874FD /* SignUpView.swift */ = {isa = PBXFileReference; fileEncoding = 4; lastKnownFileType = sourcecode.swift; path = SignUpView.swift; sourceTree = "<group>"; };
		DD639F912B6516CE003874FD /* DataModel.swift */ = {isa = PBXFileReference; fileEncoding = 4; lastKnownFileType = sourcecode.swift; path = DataModel.swift; sourceTree = "<group>"; };
		DD639F922B6516CE003874FD /* MockData.swift */ = {isa = PBXFileReference; fileEncoding = 4; lastKnownFileType = sourcecode.swift; path = MockData.swift; sourceTree = "<group>"; };
		DDC29D8C2B642A2300B4CE51 /* Namangan viloyati.json */ = {isa = PBXFileReference; fileEncoding = 4; lastKnownFileType = text.json; path = "Namangan viloyati.json"; sourceTree = "<group>"; };
		DDC29D8D2B642A2300B4CE51 /* IshHaqiHududiy.json */ = {isa = PBXFileReference; fileEncoding = 4; lastKnownFileType = text.json; path = IshHaqiHududiy.json; sourceTree = "<group>"; };
		DDC29D8E2B642A2300B4CE51 /* Toshkent viloyati.json */ = {isa = PBXFileReference; fileEncoding = 4; lastKnownFileType = text.json; path = "Toshkent viloyati.json"; sourceTree = "<group>"; };
		DDC29D8F2B642A2300B4CE51 /* Sirdaryo viloyati.json */ = {isa = PBXFileReference; fileEncoding = 4; lastKnownFileType = text.json; path = "Sirdaryo viloyati.json"; sourceTree = "<group>"; };
		DDC29D902B642A2300B4CE51 /* Jizzax viloyati.json */ = {isa = PBXFileReference; fileEncoding = 4; lastKnownFileType = text.json; path = "Jizzax viloyati.json"; sourceTree = "<group>"; };
		DDC29D912B642A2300B4CE51 /* Qashqadaryo viloyati.json */ = {isa = PBXFileReference; fileEncoding = 4; lastKnownFileType = text.json; path = "Qashqadaryo viloyati.json"; sourceTree = "<group>"; };
		DDC29D922B642A2300B4CE51 /* Farg'ona viloyati.json */ = {isa = PBXFileReference; fileEncoding = 4; lastKnownFileType = text.json; path = "Farg'ona viloyati.json"; sourceTree = "<group>"; };
		DDC29D932B642A2300B4CE51 /* Samarqand viloyati.json */ = {isa = PBXFileReference; fileEncoding = 4; lastKnownFileType = text.json; path = "Samarqand viloyati.json"; sourceTree = "<group>"; };
		DDC29D942B642A2300B4CE51 /* Surxondaryo viloyati.json */ = {isa = PBXFileReference; fileEncoding = 4; lastKnownFileType = text.json; path = "Surxondaryo viloyati.json"; sourceTree = "<group>"; };
		DDC29D952B642A2300B4CE51 /* IshHaqiSohalar.json */ = {isa = PBXFileReference; fileEncoding = 4; lastKnownFileType = text.json; path = IshHaqiSohalar.json; sourceTree = "<group>"; };
		DDC29D962B642A2300B4CE51 /* Navoiy viloyati.json */ = {isa = PBXFileReference; fileEncoding = 4; lastKnownFileType = text.json; path = "Navoiy viloyati.json"; sourceTree = "<group>"; };
		DDC29D972B642A2300B4CE51 /* Xorazm viloyati.json */ = {isa = PBXFileReference; fileEncoding = 4; lastKnownFileType = text.json; path = "Xorazm viloyati.json"; sourceTree = "<group>"; };
		DDC29D982B642A2300B4CE51 /* Buxoro viloyati.json */ = {isa = PBXFileReference; fileEncoding = 4; lastKnownFileType = text.json; path = "Buxoro viloyati.json"; sourceTree = "<group>"; };
		DDC29D992B642A2300B4CE51 /* Andijon viloyati.json */ = {isa = PBXFileReference; fileEncoding = 4; lastKnownFileType = text.json; path = "Andijon viloyati.json"; sourceTree = "<group>"; };
		DDC29D9A2B642A2300B4CE51 /* Qoraqalpog'iston Respublikasi.json */ = {isa = PBXFileReference; fileEncoding = 4; lastKnownFileType = text.json; path = "Qoraqalpog'iston Respublikasi.json"; sourceTree = "<group>"; };
		DDC29D9B2B642A2300B4CE51 /* Toshkent shahri.json */ = {isa = PBXFileReference; fileEncoding = 4; lastKnownFileType = text.json; path = "Toshkent shahri.json"; sourceTree = "<group>"; };
/* End PBXFileReference section */

/* Begin PBXFrameworksBuildPhase section */
		101999772B5FCED4002ECC59 /* Frameworks */ = {
			isa = PBXFrameworksBuildPhase;
			buildActionMask = 2147483647;
			files = (
				DD639F4D2B64E979003874FD /* FirebaseFunctions in Frameworks */,
				DD639F432B64E979003874FD /* FirebaseDatabaseSwift in Frameworks */,
				DD639F532B64E979003874FD /* FirebaseInAppMessagingSwift-Beta in Frameworks */,
				DD639F592B64E979003874FD /* FirebaseMessaging in Frameworks */,
				DD639F392B64E979003874FD /* FirebaseAppDistribution-Beta in Frameworks */,
				DD639F3D2B64E979003874FD /* FirebaseAuthCombine-Community in Frameworks */,
				DD639F492B64E979003874FD /* FirebaseFirestoreCombine-Community in Frameworks */,
				DD639F332B64E979003874FD /* FirebaseAnalyticsSwift in Frameworks */,
				DD639F572B64E979003874FD /* FirebaseMLModelDownloader in Frameworks */,
				DD639F352B64E979003874FD /* FirebaseAnalyticsWithoutAdIdSupport in Frameworks */,
				DD639F2F2B64E979003874FD /* FirebaseAnalytics in Frameworks */,
				DD639F4B2B64E979003874FD /* FirebaseFirestoreSwift in Frameworks */,
				DD639F312B64E979003874FD /* FirebaseAnalyticsOnDeviceConversion in Frameworks */,
				DD639F372B64E979003874FD /* FirebaseAppCheck in Frameworks */,
				DD639F5B2B64E979003874FD /* FirebasePerformance in Frameworks */,
				DD639F512B64E979003874FD /* FirebaseInAppMessaging-Beta in Frameworks */,
				DD639F4F2B64E979003874FD /* FirebaseFunctionsCombine-Community in Frameworks */,
				DD639F3F2B64E979003874FD /* FirebaseCrashlytics in Frameworks */,
				DD639F552B64E979003874FD /* FirebaseInstallations in Frameworks */,
				DD639F5D2B64E979003874FD /* FirebaseRemoteConfig in Frameworks */,
				DD639F612B64E979003874FD /* FirebaseStorage in Frameworks */,
				DD639F412B64E979003874FD /* FirebaseDatabase in Frameworks */,
				DD639F632B64E979003874FD /* FirebaseStorageCombine-Community in Frameworks */,
				DDC29DAE2B643C5800B4CE51 /* SwiftyJSON in Frameworks */,
				DD639F3B2B64E979003874FD /* FirebaseAuth in Frameworks */,
				DD639F452B64E979003874FD /* FirebaseDynamicLinks in Frameworks */,
				DD639F472B64E979003874FD /* FirebaseFirestore in Frameworks */,
				DD639F5F2B64E979003874FD /* FirebaseRemoteConfigSwift in Frameworks */,
			);
			runOnlyForDeploymentPostprocessing = 0;
		};
/* End PBXFrameworksBuildPhase section */

/* Begin PBXGroup section */
		101999712B5FCED4002ECC59 = {
			isa = PBXGroup;
			children = (
				1019997C2B5FCED4002ECC59 /* Helper */,
				1019997B2B5FCED4002ECC59 /* Products */,
			);
			sourceTree = "<group>";
		};
		1019997B2B5FCED4002ECC59 /* Products */ = {
			isa = PBXGroup;
			children = (
				1019997A2B5FCED4002ECC59 /* Helper.app */,
			);
			name = Products;
			sourceTree = "<group>";
		};
		1019997C2B5FCED4002ECC59 /* Helper */ = {
			isa = PBXGroup;
			children = (
				DD639F902B6516CE003874FD /* Model */,
				1019997D2B5FCED4002ECC59 /* HelperApp.swift */,
				DD639F642B64E9B0003874FD /* AppDelegate.swift */,
				DD639F2B2B64E741003874FD /* GoogleService-Info.plist */,
				101999812B5FCED6002ECC59 /* Assets.xcassets */,
				DD639F662B65167E003874FD /* Screens */,
				DDC29D8B2B642A0900B4CE51 /* JSONFiles */,
				101999832B5FCED6002ECC59 /* Preview Content */,
			);
			path = Helper;
			sourceTree = "<group>";
		};
		101999832B5FCED6002ECC59 /* Preview Content */ = {
			isa = PBXGroup;
			children = (
				101999842B5FCED6002ECC59 /* Preview Assets.xcassets */,
			);
			path = "Preview Content";
			sourceTree = "<group>";
		};
		DD639F662B65167E003874FD /* Screens */ = {
			isa = PBXGroup;
			children = (
				DD639F752B65167E003874FD /* WelcomeView.swift */,
				DD639F7E2B65167F003874FD /* SignUpView.swift */,
				DD639F702B65167E003874FD /* LogInView.swift */,
				DD639F672B65167E003874FD /* HelperTabView.swift */,
				DD639F682B65167E003874FD /* Home */,
				DD639F6D2B65167E003874FD /* Chat */,
				DD639F712B65167E003874FD /* Library */,
				DD639F732B65167E003874FD /* Search */,
				DD639F762B65167E003874FD /* Profile */,
				DD639F7B2B65167E003874FD /* Create */,
			);
			name = Screens;
			path = ../../../Downloads/Archive/Screens;
			sourceTree = "<group>";
		};
		DD639F682B65167E003874FD /* Home */ = {
			isa = PBXGroup;
			children = (
				DD639F692B65167E003874FD /* HomeView.swift */,
				DD639F6A2B65167E003874FD /* InDetailView.swift */,
				DD639F6B2B65167E003874FD /* Helper Localizations */,
			);
			path = Home;
			sourceTree = "<group>";
		};
		DD639F6B2B65167E003874FD /* Helper Localizations */ = {
			isa = PBXGroup;
			children = (
				DD639F6C2B65167E003874FD /* en.xcloc */,
			);
			path = "Helper Localizations";
			sourceTree = "<group>";
		};
		DD639F6D2B65167E003874FD /* Chat */ = {
			isa = PBXGroup;
			children = (
				DD639F6E2B65167E003874FD /* MessagesView.swift */,
				DD639F6F2B65167E003874FD /* ChatView.swift */,
			);
			path = Chat;
			sourceTree = "<group>";
		};
		DD639F712B65167E003874FD /* Library */ = {
			isa = PBXGroup;
			children = (
				DD639F722B65167E003874FD /* ResourcesView.swift */,
			);
			path = Library;
			sourceTree = "<group>";
		};
		DD639F732B65167E003874FD /* Search */ = {
			isa = PBXGroup;
			children = (
				DD639F742B65167E003874FD /* SearchView.swift */,
			);
			path = Search;
			sourceTree = "<group>";
		};
		DD639F762B65167E003874FD /* Profile */ = {
			isa = PBXGroup;
			children = (
				DD639F772B65167E003874FD /* ProfileView.swift */,
				DD639F782B65167E003874FD /* CompanyProfileView.swift */,
				DD639F792B65167E003874FD /* QuickHelpsView.swift */,
				DD639F7A2B65167E003874FD /* PostsView.swift */,
			);
			path = Profile;
			sourceTree = "<group>";
		};
		DD639F7B2B65167E003874FD /* Create */ = {
			isa = PBXGroup;
			children = (
				DD639F7C2B65167F003874FD /* CreateViewModel.swift */,
				DD639F7D2B65167F003874FD /* CreateView.swift */,
			);
			path = Create;
			sourceTree = "<group>";
		};
		DD639F902B6516CE003874FD /* Model */ = {
			isa = PBXGroup;
			children = (
				DD639F912B6516CE003874FD /* DataModel.swift */,
				DD639F922B6516CE003874FD /* MockData.swift */,
			);
			path = Model;
			sourceTree = "<group>";
		};
		DDC29D8B2B642A0900B4CE51 /* JSONFiles */ = {
			isa = PBXGroup;
			children = (
				DDC29D992B642A2300B4CE51 /* Andijon viloyati.json */,
				DDC29D982B642A2300B4CE51 /* Buxoro viloyati.json */,
				DDC29D922B642A2300B4CE51 /* Farg'ona viloyati.json */,
				DDC29D8D2B642A2300B4CE51 /* IshHaqiHududiy.json */,
				DDC29D952B642A2300B4CE51 /* IshHaqiSohalar.json */,
				DDC29D902B642A2300B4CE51 /* Jizzax viloyati.json */,
				DDC29D8C2B642A2300B4CE51 /* Namangan viloyati.json */,
				DDC29D962B642A2300B4CE51 /* Navoiy viloyati.json */,
				DDC29D912B642A2300B4CE51 /* Qashqadaryo viloyati.json */,
				DDC29D9A2B642A2300B4CE51 /* Qoraqalpog'iston Respublikasi.json */,
				DDC29D932B642A2300B4CE51 /* Samarqand viloyati.json */,
				DDC29D8F2B642A2300B4CE51 /* Sirdaryo viloyati.json */,
				DDC29D942B642A2300B4CE51 /* Surxondaryo viloyati.json */,
				DDC29D9B2B642A2300B4CE51 /* Toshkent shahri.json */,
				DDC29D8E2B642A2300B4CE51 /* Toshkent viloyati.json */,
				DDC29D972B642A2300B4CE51 /* Xorazm viloyati.json */,
			);
			path = JSONFiles;
			sourceTree = "<group>";
		};
/* End PBXGroup section */

/* Begin PBXNativeTarget section */
		101999792B5FCED4002ECC59 /* Helper */ = {
			isa = PBXNativeTarget;
			buildConfigurationList = 101999882B5FCED6002ECC59 /* Build configuration list for PBXNativeTarget "Helper" */;
			buildPhases = (
				101999762B5FCED4002ECC59 /* Sources */,
				101999772B5FCED4002ECC59 /* Frameworks */,
				101999782B5FCED4002ECC59 /* Resources */,
			);
			buildRules = (
			);
			dependencies = (
			);
			name = Helper;
			packageProductDependencies = (
				DDC29DAD2B643C5800B4CE51 /* SwiftyJSON */,
				DD639F2E2B64E979003874FD /* FirebaseAnalytics */,
				DD639F302B64E979003874FD /* FirebaseAnalyticsOnDeviceConversion */,
				DD639F322B64E979003874FD /* FirebaseAnalyticsSwift */,
				DD639F342B64E979003874FD /* FirebaseAnalyticsWithoutAdIdSupport */,
				DD639F362B64E979003874FD /* FirebaseAppCheck */,
				DD639F382B64E979003874FD /* FirebaseAppDistribution-Beta */,
				DD639F3A2B64E979003874FD /* FirebaseAuth */,
				DD639F3C2B64E979003874FD /* FirebaseAuthCombine-Community */,
				DD639F3E2B64E979003874FD /* FirebaseCrashlytics */,
				DD639F402B64E979003874FD /* FirebaseDatabase */,
				DD639F422B64E979003874FD /* FirebaseDatabaseSwift */,
				DD639F442B64E979003874FD /* FirebaseDynamicLinks */,
				DD639F462B64E979003874FD /* FirebaseFirestore */,
				DD639F482B64E979003874FD /* FirebaseFirestoreCombine-Community */,
				DD639F4A2B64E979003874FD /* FirebaseFirestoreSwift */,
				DD639F4C2B64E979003874FD /* FirebaseFunctions */,
				DD639F4E2B64E979003874FD /* FirebaseFunctionsCombine-Community */,
				DD639F502B64E979003874FD /* FirebaseInAppMessaging-Beta */,
				DD639F522B64E979003874FD /* FirebaseInAppMessagingSwift-Beta */,
				DD639F542B64E979003874FD /* FirebaseInstallations */,
				DD639F562B64E979003874FD /* FirebaseMLModelDownloader */,
				DD639F582B64E979003874FD /* FirebaseMessaging */,
				DD639F5A2B64E979003874FD /* FirebasePerformance */,
				DD639F5C2B64E979003874FD /* FirebaseRemoteConfig */,
				DD639F5E2B64E979003874FD /* FirebaseRemoteConfigSwift */,
				DD639F602B64E979003874FD /* FirebaseStorage */,
				DD639F622B64E979003874FD /* FirebaseStorageCombine-Community */,
			);
			productName = Helper;
			productReference = 1019997A2B5FCED4002ECC59 /* Helper.app */;
			productType = "com.apple.product-type.application";
		};
/* End PBXNativeTarget section */

/* Begin PBXProject section */
		101999722B5FCED4002ECC59 /* Project object */ = {
			isa = PBXProject;
			attributes = {
				BuildIndependentTargetsInParallel = 1;
				LastSwiftUpdateCheck = 1520;
				LastUpgradeCheck = 1520;
				TargetAttributes = {
					101999792B5FCED4002ECC59 = {
						CreatedOnToolsVersion = 15.2;
					};
				};
			};
			buildConfigurationList = 101999752B5FCED4002ECC59 /* Build configuration list for PBXProject "Helper" */;
			compatibilityVersion = "Xcode 14.0";
			developmentRegion = en;
			hasScannedForEncodings = 0;
			knownRegions = (
				en,
				Base,
			);
			mainGroup = 101999712B5FCED4002ECC59;
			packageReferences = (
				DDC29DAC2B643C5800B4CE51 /* XCRemoteSwiftPackageReference "SwiftyJSON" */,
				DD639F2D2B64E979003874FD /* XCRemoteSwiftPackageReference "firebase-ios-sdk" */,
			);
			productRefGroup = 1019997B2B5FCED4002ECC59 /* Products */;
			projectDirPath = "";
			projectRoot = "";
			targets = (
				101999792B5FCED4002ECC59 /* Helper */,
			);
		};
/* End PBXProject section */

/* Begin PBXResourcesBuildPhase section */
		101999782B5FCED4002ECC59 /* Resources */ = {
			isa = PBXResourcesBuildPhase;
			buildActionMask = 2147483647;
			files = (
				DDC29DA52B642A2300B4CE51 /* IshHaqiSohalar.json in Resources */,
				DDC29D9E2B642A2300B4CE51 /* Toshkent viloyati.json in Resources */,
				101999852B5FCED6002ECC59 /* Preview Assets.xcassets in Resources */,
				DDC29D9F2B642A2300B4CE51 /* Sirdaryo viloyati.json in Resources */,
				DDC29DA02B642A2300B4CE51 /* Jizzax viloyati.json in Resources */,
				DDC29DAA2B642A2300B4CE51 /* Qoraqalpog'iston Respublikasi.json in Resources */,
				DDC29DA22B642A2300B4CE51 /* Farg'ona viloyati.json in Resources */,
				DDC29DA82B642A2300B4CE51 /* Buxoro viloyati.json in Resources */,
				DDC29DAB2B642A2300B4CE51 /* Toshkent shahri.json in Resources */,
				DDC29DA92B642A2300B4CE51 /* Andijon viloyati.json in Resources */,
				DDC29D9C2B642A2300B4CE51 /* Namangan viloyati.json in Resources */,
				DDC29D9D2B642A2300B4CE51 /* IshHaqiHududiy.json in Resources */,
				DDC29DA12B642A2300B4CE51 /* Qashqadaryo viloyati.json in Resources */,
				DDC29DA42B642A2300B4CE51 /* Surxondaryo viloyati.json in Resources */,
				DD639F2C2B64E741003874FD /* GoogleService-Info.plist in Resources */,
				DDC29DA72B642A2300B4CE51 /* Xorazm viloyati.json in Resources */,
				DDC29DA62B642A2300B4CE51 /* Navoiy viloyati.json in Resources */,
				DDC29DA32B642A2300B4CE51 /* Samarqand viloyati.json in Resources */,
				DD639F822B65167F003874FD /* en.xcloc in Resources */,
				101999822B5FCED6002ECC59 /* Assets.xcassets in Resources */,
			);
			runOnlyForDeploymentPostprocessing = 0;
		};
/* End PBXResourcesBuildPhase section */

/* Begin PBXSourcesBuildPhase section */
		101999762B5FCED4002ECC59 /* Sources */ = {
			isa = PBXSourcesBuildPhase;
			buildActionMask = 2147483647;
			files = (
				DD639F8E2B65167F003874FD /* CreateView.swift in Sources */,
				DD639F652B64E9B0003874FD /* AppDelegate.swift in Sources */,
				DD639F8D2B65167F003874FD /* CreateViewModel.swift in Sources */,
				DD639F8A2B65167F003874FD /* CompanyProfileView.swift in Sources */,
				DD639F842B65167F003874FD /* ChatView.swift in Sources */,
				DD639F7F2B65167F003874FD /* HelperTabView.swift in Sources */,
				DD639F8B2B65167F003874FD /* QuickHelpsView.swift in Sources */,
				DD639F892B65167F003874FD /* ProfileView.swift in Sources */,
				DD639F812B65167F003874FD /* InDetailView.swift in Sources */,
				DD639F942B6516CE003874FD /* MockData.swift in Sources */,
				1019997E2B5FCED4002ECC59 /* HelperApp.swift in Sources */,
				DD639F802B65167F003874FD /* HomeView.swift in Sources */,
				DD639F872B65167F003874FD /* SearchView.swift in Sources */,
				DD639F852B65167F003874FD /* LogInView.swift in Sources */,
				DD639F832B65167F003874FD /* MessagesView.swift in Sources */,
				DD639F932B6516CE003874FD /* DataModel.swift in Sources */,
				DD639F862B65167F003874FD /* ResourcesView.swift in Sources */,
				DD639F8F2B65167F003874FD /* SignUpView.swift in Sources */,
				DD639F8C2B65167F003874FD /* PostsView.swift in Sources */,
				DD639F882B65167F003874FD /* WelcomeView.swift in Sources */,
			);
			runOnlyForDeploymentPostprocessing = 0;
		};
/* End PBXSourcesBuildPhase section */

/* Begin XCBuildConfiguration section */
		101999862B5FCED6002ECC59 /* Debug */ = {
			isa = XCBuildConfiguration;
			buildSettings = {
				ALWAYS_SEARCH_USER_PATHS = NO;
				ASSETCATALOG_COMPILER_GENERATE_SWIFT_ASSET_SYMBOL_EXTENSIONS = YES;
				CLANG_ANALYZER_NONNULL = YES;
				CLANG_ANALYZER_NUMBER_OBJECT_CONVERSION = YES_AGGRESSIVE;
				CLANG_CXX_LANGUAGE_STANDARD = "gnu++20";
				CLANG_ENABLE_MODULES = YES;
				CLANG_ENABLE_OBJC_ARC = YES;
				CLANG_ENABLE_OBJC_WEAK = YES;
				CLANG_WARN_BLOCK_CAPTURE_AUTORELEASING = YES;
				CLANG_WARN_BOOL_CONVERSION = YES;
				CLANG_WARN_COMMA = YES;
				CLANG_WARN_CONSTANT_CONVERSION = YES;
				CLANG_WARN_DEPRECATED_OBJC_IMPLEMENTATIONS = YES;
				CLANG_WARN_DIRECT_OBJC_ISA_USAGE = YES_ERROR;
				CLANG_WARN_DOCUMENTATION_COMMENTS = YES;
				CLANG_WARN_EMPTY_BODY = YES;
				CLANG_WARN_ENUM_CONVERSION = YES;
				CLANG_WARN_INFINITE_RECURSION = YES;
				CLANG_WARN_INT_CONVERSION = YES;
				CLANG_WARN_NON_LITERAL_NULL_CONVERSION = YES;
				CLANG_WARN_OBJC_IMPLICIT_RETAIN_SELF = YES;
				CLANG_WARN_OBJC_LITERAL_CONVERSION = YES;
				CLANG_WARN_OBJC_ROOT_CLASS = YES_ERROR;
				CLANG_WARN_QUOTED_INCLUDE_IN_FRAMEWORK_HEADER = YES;
				CLANG_WARN_RANGE_LOOP_ANALYSIS = YES;
				CLANG_WARN_STRICT_PROTOTYPES = YES;
				CLANG_WARN_SUSPICIOUS_MOVE = YES;
				CLANG_WARN_UNGUARDED_AVAILABILITY = YES_AGGRESSIVE;
				CLANG_WARN_UNREACHABLE_CODE = YES;
				CLANG_WARN__DUPLICATE_METHOD_MATCH = YES;
				COPY_PHASE_STRIP = NO;
				DEBUG_INFORMATION_FORMAT = dwarf;
				ENABLE_STRICT_OBJC_MSGSEND = YES;
				ENABLE_TESTABILITY = YES;
				ENABLE_USER_SCRIPT_SANDBOXING = YES;
				GCC_C_LANGUAGE_STANDARD = gnu17;
				GCC_DYNAMIC_NO_PIC = NO;
				GCC_NO_COMMON_BLOCKS = YES;
				GCC_OPTIMIZATION_LEVEL = 0;
				GCC_PREPROCESSOR_DEFINITIONS = (
					"DEBUG=1",
					"$(inherited)",
				);
				GCC_WARN_64_TO_32_BIT_CONVERSION = YES;
				GCC_WARN_ABOUT_RETURN_TYPE = YES_ERROR;
				GCC_WARN_UNDECLARED_SELECTOR = YES;
				GCC_WARN_UNINITIALIZED_AUTOS = YES_AGGRESSIVE;
				GCC_WARN_UNUSED_FUNCTION = YES;
				GCC_WARN_UNUSED_VARIABLE = YES;
				IPHONEOS_DEPLOYMENT_TARGET = 17.2;
				LOCALIZATION_PREFERS_STRING_CATALOGS = YES;
				MTL_ENABLE_DEBUG_INFO = INCLUDE_SOURCE;
				MTL_FAST_MATH = YES;
				ONLY_ACTIVE_ARCH = YES;
				SDKROOT = iphoneos;
				SWIFT_ACTIVE_COMPILATION_CONDITIONS = "DEBUG $(inherited)";
				SWIFT_OPTIMIZATION_LEVEL = "-Onone";
			};
			name = Debug;
		};
		101999872B5FCED6002ECC59 /* Release */ = {
			isa = XCBuildConfiguration;
			buildSettings = {
				ALWAYS_SEARCH_USER_PATHS = NO;
				ASSETCATALOG_COMPILER_GENERATE_SWIFT_ASSET_SYMBOL_EXTENSIONS = YES;
				CLANG_ANALYZER_NONNULL = YES;
				CLANG_ANALYZER_NUMBER_OBJECT_CONVERSION = YES_AGGRESSIVE;
				CLANG_CXX_LANGUAGE_STANDARD = "gnu++20";
				CLANG_ENABLE_MODULES = YES;
				CLANG_ENABLE_OBJC_ARC = YES;
				CLANG_ENABLE_OBJC_WEAK = YES;
				CLANG_WARN_BLOCK_CAPTURE_AUTORELEASING = YES;
				CLANG_WARN_BOOL_CONVERSION = YES;
				CLANG_WARN_COMMA = YES;
				CLANG_WARN_CONSTANT_CONVERSION = YES;
				CLANG_WARN_DEPRECATED_OBJC_IMPLEMENTATIONS = YES;
				CLANG_WARN_DIRECT_OBJC_ISA_USAGE = YES_ERROR;
				CLANG_WARN_DOCUMENTATION_COMMENTS = YES;
				CLANG_WARN_EMPTY_BODY = YES;
				CLANG_WARN_ENUM_CONVERSION = YES;
				CLANG_WARN_INFINITE_RECURSION = YES;
				CLANG_WARN_INT_CONVERSION = YES;
				CLANG_WARN_NON_LITERAL_NULL_CONVERSION = YES;
				CLANG_WARN_OBJC_IMPLICIT_RETAIN_SELF = YES;
				CLANG_WARN_OBJC_LITERAL_CONVERSION = YES;
				CLANG_WARN_OBJC_ROOT_CLASS = YES_ERROR;
				CLANG_WARN_QUOTED_INCLUDE_IN_FRAMEWORK_HEADER = YES;
				CLANG_WARN_RANGE_LOOP_ANALYSIS = YES;
				CLANG_WARN_STRICT_PROTOTYPES = YES;
				CLANG_WARN_SUSPICIOUS_MOVE = YES;
				CLANG_WARN_UNGUARDED_AVAILABILITY = YES_AGGRESSIVE;
				CLANG_WARN_UNREACHABLE_CODE = YES;
				CLANG_WARN__DUPLICATE_METHOD_MATCH = YES;
				COPY_PHASE_STRIP = NO;
				DEBUG_INFORMATION_FORMAT = "dwarf-with-dsym";
				ENABLE_NS_ASSERTIONS = NO;
				ENABLE_STRICT_OBJC_MSGSEND = YES;
				ENABLE_USER_SCRIPT_SANDBOXING = YES;
				GCC_C_LANGUAGE_STANDARD = gnu17;
				GCC_NO_COMMON_BLOCKS = YES;
				GCC_WARN_64_TO_32_BIT_CONVERSION = YES;
				GCC_WARN_ABOUT_RETURN_TYPE = YES_ERROR;
				GCC_WARN_UNDECLARED_SELECTOR = YES;
				GCC_WARN_UNINITIALIZED_AUTOS = YES_AGGRESSIVE;
				GCC_WARN_UNUSED_FUNCTION = YES;
				GCC_WARN_UNUSED_VARIABLE = YES;
				IPHONEOS_DEPLOYMENT_TARGET = 17.2;
				LOCALIZATION_PREFERS_STRING_CATALOGS = YES;
				MTL_ENABLE_DEBUG_INFO = NO;
				MTL_FAST_MATH = YES;
				SDKROOT = iphoneos;
				SWIFT_COMPILATION_MODE = wholemodule;
				VALIDATE_PRODUCT = YES;
			};
			name = Release;
		};
		101999892B5FCED6002ECC59 /* Debug */ = {
			isa = XCBuildConfiguration;
			buildSettings = {
				ASSETCATALOG_COMPILER_APPICON_NAME = AppIcon;
				ASSETCATALOG_COMPILER_GLOBAL_ACCENT_COLOR_NAME = AccentColor;
				CODE_SIGN_STYLE = Automatic;
				CURRENT_PROJECT_VERSION = 1;
				DEVELOPMENT_ASSET_PATHS = "\"Helper/Preview Content\"";
				DEVELOPMENT_TEAM = 4RUKJ5BRNZ;
				ENABLE_PREVIEWS = YES;
				GENERATE_INFOPLIST_FILE = YES;
				INFOPLIST_KEY_UIApplicationSceneManifest_Generation = YES;
				INFOPLIST_KEY_UIApplicationSupportsIndirectInputEvents = YES;
				INFOPLIST_KEY_UILaunchScreen_Generation = YES;
				INFOPLIST_KEY_UISupportedInterfaceOrientations_iPad = "UIInterfaceOrientationPortrait UIInterfaceOrientationPortraitUpsideDown UIInterfaceOrientationLandscapeLeft UIInterfaceOrientationLandscapeRight";
				INFOPLIST_KEY_UISupportedInterfaceOrientations_iPhone = "UIInterfaceOrientationPortrait UIInterfaceOrientationLandscapeLeft UIInterfaceOrientationLandscapeRight";
				LD_RUNPATH_SEARCH_PATHS = (
					"$(inherited)",
					"@executable_path/Frameworks",
				);
				MARKETING_VERSION = 1.0;
				PRODUCT_BUNDLE_IDENTIFIER = Asror.Helper123;
				PRODUCT_NAME = "$(TARGET_NAME)";
				SWIFT_EMIT_LOC_STRINGS = YES;
				SWIFT_VERSION = 5.0;
				TARGETED_DEVICE_FAMILY = "1,2";
			};
			name = Debug;
		};
		1019998A2B5FCED6002ECC59 /* Release */ = {
			isa = XCBuildConfiguration;
			buildSettings = {
				ASSETCATALOG_COMPILER_APPICON_NAME = AppIcon;
				ASSETCATALOG_COMPILER_GLOBAL_ACCENT_COLOR_NAME = AccentColor;
				CODE_SIGN_STYLE = Automatic;
				CURRENT_PROJECT_VERSION = 1;
				DEVELOPMENT_ASSET_PATHS = "\"Helper/Preview Content\"";
				DEVELOPMENT_TEAM = 4RUKJ5BRNZ;
				ENABLE_PREVIEWS = YES;
				GENERATE_INFOPLIST_FILE = YES;
				INFOPLIST_KEY_UIApplicationSceneManifest_Generation = YES;
				INFOPLIST_KEY_UIApplicationSupportsIndirectInputEvents = YES;
				INFOPLIST_KEY_UILaunchScreen_Generation = YES;
				INFOPLIST_KEY_UISupportedInterfaceOrientations_iPad = "UIInterfaceOrientationPortrait UIInterfaceOrientationPortraitUpsideDown UIInterfaceOrientationLandscapeLeft UIInterfaceOrientationLandscapeRight";
				INFOPLIST_KEY_UISupportedInterfaceOrientations_iPhone = "UIInterfaceOrientationPortrait UIInterfaceOrientationLandscapeLeft UIInterfaceOrientationLandscapeRight";
				LD_RUNPATH_SEARCH_PATHS = (
					"$(inherited)",
					"@executable_path/Frameworks",
				);
				MARKETING_VERSION = 1.0;
				PRODUCT_BUNDLE_IDENTIFIER = Asror.Helper123;
				PRODUCT_NAME = "$(TARGET_NAME)";
				SWIFT_EMIT_LOC_STRINGS = YES;
				SWIFT_VERSION = 5.0;
				TARGETED_DEVICE_FAMILY = "1,2";
			};
			name = Release;
		};
/* End XCBuildConfiguration section */

/* Begin XCConfigurationList section */
		101999752B5FCED4002ECC59 /* Build configuration list for PBXProject "Helper" */ = {
			isa = XCConfigurationList;
			buildConfigurations = (
				101999862B5FCED6002ECC59 /* Debug */,
				101999872B5FCED6002ECC59 /* Release */,
			);
			defaultConfigurationIsVisible = 0;
			defaultConfigurationName = Release;
		};
		101999882B5FCED6002ECC59 /* Build configuration list for PBXNativeTarget "Helper" */ = {
			isa = XCConfigurationList;
			buildConfigurations = (
				101999892B5FCED6002ECC59 /* Debug */,
				1019998A2B5FCED6002ECC59 /* Release */,
			);
			defaultConfigurationIsVisible = 0;
			defaultConfigurationName = Release;
		};
/* End XCConfigurationList section */

/* Begin XCRemoteSwiftPackageReference section */
		DD639F2D2B64E979003874FD /* XCRemoteSwiftPackageReference "firebase-ios-sdk" */ = {
			isa = XCRemoteSwiftPackageReference;
			repositoryURL = "https://github.com/firebase/firebase-ios-sdk.git";
			requirement = {
				kind = upToNextMajorVersion;
				minimumVersion = 10.20.0;
			};
		};
		DDC29DAC2B643C5800B4CE51 /* XCRemoteSwiftPackageReference "SwiftyJSON" */ = {
			isa = XCRemoteSwiftPackageReference;
			repositoryURL = "https://github.com/SwiftyJSON/SwiftyJSON.git";
			requirement = {
				kind = upToNextMajorVersion;
				minimumVersion = 5.0.1;
			};
		};
/* End XCRemoteSwiftPackageReference section */

/* Begin XCSwiftPackageProductDependency section */
		DD639F2E2B64E979003874FD /* FirebaseAnalytics */ = {
			isa = XCSwiftPackageProductDependency;
			package = DD639F2D2B64E979003874FD /* XCRemoteSwiftPackageReference "firebase-ios-sdk" */;
			productName = FirebaseAnalytics;
		};
		DD639F302B64E979003874FD /* FirebaseAnalyticsOnDeviceConversion */ = {
			isa = XCSwiftPackageProductDependency;
			package = DD639F2D2B64E979003874FD /* XCRemoteSwiftPackageReference "firebase-ios-sdk" */;
			productName = FirebaseAnalyticsOnDeviceConversion;
		};
		DD639F322B64E979003874FD /* FirebaseAnalyticsSwift */ = {
			isa = XCSwiftPackageProductDependency;
			package = DD639F2D2B64E979003874FD /* XCRemoteSwiftPackageReference "firebase-ios-sdk" */;
			productName = FirebaseAnalyticsSwift;
		};
		DD639F342B64E979003874FD /* FirebaseAnalyticsWithoutAdIdSupport */ = {
			isa = XCSwiftPackageProductDependency;
			package = DD639F2D2B64E979003874FD /* XCRemoteSwiftPackageReference "firebase-ios-sdk" */;
			productName = FirebaseAnalyticsWithoutAdIdSupport;
		};
		DD639F362B64E979003874FD /* FirebaseAppCheck */ = {
			isa = XCSwiftPackageProductDependency;
			package = DD639F2D2B64E979003874FD /* XCRemoteSwiftPackageReference "firebase-ios-sdk" */;
			productName = FirebaseAppCheck;
		};
		DD639F382B64E979003874FD /* FirebaseAppDistribution-Beta */ = {
			isa = XCSwiftPackageProductDependency;
			package = DD639F2D2B64E979003874FD /* XCRemoteSwiftPackageReference "firebase-ios-sdk" */;
			productName = "FirebaseAppDistribution-Beta";
		};
		DD639F3A2B64E979003874FD /* FirebaseAuth */ = {
			isa = XCSwiftPackageProductDependency;
			package = DD639F2D2B64E979003874FD /* XCRemoteSwiftPackageReference "firebase-ios-sdk" */;
			productName = FirebaseAuth;
		};
		DD639F3C2B64E979003874FD /* FirebaseAuthCombine-Community */ = {
			isa = XCSwiftPackageProductDependency;
			package = DD639F2D2B64E979003874FD /* XCRemoteSwiftPackageReference "firebase-ios-sdk" */;
			productName = "FirebaseAuthCombine-Community";
		};
		DD639F3E2B64E979003874FD /* FirebaseCrashlytics */ = {
			isa = XCSwiftPackageProductDependency;
			package = DD639F2D2B64E979003874FD /* XCRemoteSwiftPackageReference "firebase-ios-sdk" */;
			productName = FirebaseCrashlytics;
		};
		DD639F402B64E979003874FD /* FirebaseDatabase */ = {
			isa = XCSwiftPackageProductDependency;
			package = DD639F2D2B64E979003874FD /* XCRemoteSwiftPackageReference "firebase-ios-sdk" */;
			productName = FirebaseDatabase;
		};
		DD639F422B64E979003874FD /* FirebaseDatabaseSwift */ = {
			isa = XCSwiftPackageProductDependency;
			package = DD639F2D2B64E979003874FD /* XCRemoteSwiftPackageReference "firebase-ios-sdk" */;
			productName = FirebaseDatabaseSwift;
		};
		DD639F442B64E979003874FD /* FirebaseDynamicLinks */ = {
			isa = XCSwiftPackageProductDependency;
			package = DD639F2D2B64E979003874FD /* XCRemoteSwiftPackageReference "firebase-ios-sdk" */;
			productName = FirebaseDynamicLinks;
		};
		DD639F462B64E979003874FD /* FirebaseFirestore */ = {
			isa = XCSwiftPackageProductDependency;
			package = DD639F2D2B64E979003874FD /* XCRemoteSwiftPackageReference "firebase-ios-sdk" */;
			productName = FirebaseFirestore;
		};
		DD639F482B64E979003874FD /* FirebaseFirestoreCombine-Community */ = {
			isa = XCSwiftPackageProductDependency;
			package = DD639F2D2B64E979003874FD /* XCRemoteSwiftPackageReference "firebase-ios-sdk" */;
			productName = "FirebaseFirestoreCombine-Community";
		};
		DD639F4A2B64E979003874FD /* FirebaseFirestoreSwift */ = {
			isa = XCSwiftPackageProductDependency;
			package = DD639F2D2B64E979003874FD /* XCRemoteSwiftPackageReference "firebase-ios-sdk" */;
			productName = FirebaseFirestoreSwift;
		};
		DD639F4C2B64E979003874FD /* FirebaseFunctions */ = {
			isa = XCSwiftPackageProductDependency;
			package = DD639F2D2B64E979003874FD /* XCRemoteSwiftPackageReference "firebase-ios-sdk" */;
			productName = FirebaseFunctions;
		};
		DD639F4E2B64E979003874FD /* FirebaseFunctionsCombine-Community */ = {
			isa = XCSwiftPackageProductDependency;
			package = DD639F2D2B64E979003874FD /* XCRemoteSwiftPackageReference "firebase-ios-sdk" */;
			productName = "FirebaseFunctionsCombine-Community";
		};
		DD639F502B64E979003874FD /* FirebaseInAppMessaging-Beta */ = {
			isa = XCSwiftPackageProductDependency;
			package = DD639F2D2B64E979003874FD /* XCRemoteSwiftPackageReference "firebase-ios-sdk" */;
			productName = "FirebaseInAppMessaging-Beta";
		};
		DD639F522B64E979003874FD /* FirebaseInAppMessagingSwift-Beta */ = {
			isa = XCSwiftPackageProductDependency;
			package = DD639F2D2B64E979003874FD /* XCRemoteSwiftPackageReference "firebase-ios-sdk" */;
			productName = "FirebaseInAppMessagingSwift-Beta";
		};
		DD639F542B64E979003874FD /* FirebaseInstallations */ = {
			isa = XCSwiftPackageProductDependency;
			package = DD639F2D2B64E979003874FD /* XCRemoteSwiftPackageReference "firebase-ios-sdk" */;
			productName = FirebaseInstallations;
		};
		DD639F562B64E979003874FD /* FirebaseMLModelDownloader */ = {
			isa = XCSwiftPackageProductDependency;
			package = DD639F2D2B64E979003874FD /* XCRemoteSwiftPackageReference "firebase-ios-sdk" */;
			productName = FirebaseMLModelDownloader;
		};
		DD639F582B64E979003874FD /* FirebaseMessaging */ = {
			isa = XCSwiftPackageProductDependency;
			package = DD639F2D2B64E979003874FD /* XCRemoteSwiftPackageReference "firebase-ios-sdk" */;
			productName = FirebaseMessaging;
		};
		DD639F5A2B64E979003874FD /* FirebasePerformance */ = {
			isa = XCSwiftPackageProductDependency;
			package = DD639F2D2B64E979003874FD /* XCRemoteSwiftPackageReference "firebase-ios-sdk" */;
			productName = FirebasePerformance;
		};
		DD639F5C2B64E979003874FD /* FirebaseRemoteConfig */ = {
			isa = XCSwiftPackageProductDependency;
			package = DD639F2D2B64E979003874FD /* XCRemoteSwiftPackageReference "firebase-ios-sdk" */;
			productName = FirebaseRemoteConfig;
		};
		DD639F5E2B64E979003874FD /* FirebaseRemoteConfigSwift */ = {
			isa = XCSwiftPackageProductDependency;
			package = DD639F2D2B64E979003874FD /* XCRemoteSwiftPackageReference "firebase-ios-sdk" */;
			productName = FirebaseRemoteConfigSwift;
		};
		DD639F602B64E979003874FD /* FirebaseStorage */ = {
			isa = XCSwiftPackageProductDependency;
			package = DD639F2D2B64E979003874FD /* XCRemoteSwiftPackageReference "firebase-ios-sdk" */;
			productName = FirebaseStorage;
		};
		DD639F622B64E979003874FD /* FirebaseStorageCombine-Community */ = {
			isa = XCSwiftPackageProductDependency;
			package = DD639F2D2B64E979003874FD /* XCRemoteSwiftPackageReference "firebase-ios-sdk" */;
			productName = "FirebaseStorageCombine-Community";
		};
		DDC29DAD2B643C5800B4CE51 /* SwiftyJSON */ = {
			isa = XCSwiftPackageProductDependency;
			package = DDC29DAC2B643C5800B4CE51 /* XCRemoteSwiftPackageReference "SwiftyJSON" */;
			productName = SwiftyJSON;
		};
/* End XCSwiftPackageProductDependency section */
	};
	rootObject = 101999722B5FCED4002ECC59 /* Project object */;
}
